PODS:
  - AFNetworking (2.6.3):
    - AFNetworking/NSURLConnection (= 2.6.3)
    - AFNetworking/NSURLSession (= 2.6.3)
    - AFNetworking/Reachability (= 2.6.3)
    - AFNetworking/Security (= 2.6.3)
    - AFNetworking/Serialization (= 2.6.3)
    - AFNetworking/UIKit (= 2.6.3)
  - AFNetworking/NSURLConnection (2.6.3):
    - AFNetworking/Reachability
    - AFNetworking/Security
    - AFNetworking/Serialization
  - AFNetworking/NSURLSession (2.6.3):
    - AFNetworking/Reachability
    - AFNetworking/Security
    - AFNetworking/Serialization
  - AFNetworking/Reachability (2.6.3)
  - AFNetworking/Security (2.6.3)
  - AFNetworking/Serialization (2.6.3)
  - AFNetworking/UIKit (2.6.3):
    - AFNetworking/NSURLConnection
    - AFNetworking/NSURLSession
  - MJRefresh (3.0.7)
  - MOBFoundation (1.5.1)
  - pop (1.0.9)
  - SDWebImage (3.7.3):
    - SDWebImage/Core (= 3.7.3)
  - SDWebImage/Core (3.7.3)
  - ShareSDK3 (3.2.5):
    - ShareSDK3/ShareSDK (= 3.2.5)
  - ShareSDK3/ShareSDK (3.2.5)
  - ShareSDK3/ShareSDKPlatforms/QQ (3.2.5)
  - ShareSDK3/ShareSDKPlatforms/SinaWeibo (3.2.5)
  - ShareSDK3/ShareSDKPlatforms/WeChat (3.2.5)
  - ShareSDK3/ShareSDKUI (3.2.5)

DEPENDENCIES:
  - AFNetworking
  - MJRefresh
  - MOBFoundation
  - pop (from `https://github.com/facebook/pop.git`)
  - SDWebImage
  - ShareSDK3
  - ShareSDK3/ShareSDKPlatforms/QQ
  - ShareSDK3/ShareSDKPlatforms/SinaWeibo
  - ShareSDK3/ShareSDKPlatforms/WeChat
  - ShareSDK3/ShareSDKUI

EXTERNAL SOURCES:
  pop:
    :git: https://github.com/facebook/pop.git

CHECKOUT OPTIONS:
  pop:
    :commit: e422ea6fdc1f661dea35affd3d9c280c574da75e
    :git: https://github.com/facebook/pop.git

SPEC CHECKSUMS:
  AFNetworking: cb8d14a848e831097108418f5d49217339d4eb60
  MJRefresh: f3e1228ec3d38c7ba5208d58032631a52f39f495
  MOBFoundation: 79efc94db961fe5a08cf32de69166f6a29a3b2b5
  pop: f667631a5108a2e60d9e8797c9b32ddaf2080bce
  SDWebImage: 1d2b1a1efda1ade1b00b6f8498865f8ddedc8a84
  ShareSDK3: ccdd8ec971044703e7722e19c2f3b38fb03775e2

COCOAPODS: 0.39.0
